
Microsoft Visual Studio Solution File, Format Version 12.00
# Visual Studio Version 17
VisualStudioVersion = 17.13.35825.156 d17.13
MinimumVisualStudioVersion = 10.0.40219.1
Project("{FAE04EC0-301F-11D3-BF4B-00C04F79EFBC}") = "CSC160 Final", "CSC160 Final\CSC160 Final.csproj", "{F604879A-B044-4B75-BB02-01EA8AF2A650}"
EndProject
Global
	GlobalSection(SolutionConfigurationPlatforms) = preSolution
		Debug|Any CPU = Debug|Any CPU
		Release|Any CPU = Release|Any CPU
	EndGlobalSection
	GlobalSection(ProjectConfigurationPlatforms) = postSolution
		{F604879A-B044-4B75-BB02-01EA8AF2A650}.Debug|Any CPU.ActiveCfg = Debug|Any CPU
		{F604879A-B044-4B75-BB02-01EA8AF2A650}.Debug|Any CPU.Build.0 = Debug|Any CPU
		{F604879A-B044-4B75-BB02-01EA8AF2A650}.Debug|Any CPU.Deploy.0 = Debug|Any CPU
		{F604879A-B044-4B75-BB02-01EA8AF2A650}.Release|Any CPU.ActiveCfg = Release|Any CPU
		{F604879A-B044-4B75-BB02-01EA8AF2A650}.Release|Any CPU.Build.0 = Release|Any CPU
		{F604879A-B044-4B75-BB02-01EA8AF2A650}.Release|Any CPU.Deploy.0 = Release|Any CPU
	EndGlobalSection
	GlobalSection(SolutionProperties) = preSolution
		HideSolutionNode = FALSE
	EndGlobalSection
	GlobalSection(ExtensibilityGlobals) = postSolution
		SolutionGuid = {64303BB9-84E1-4970-B4F2-D1B531CFF09A}
	EndGlobalSection
EndGlobal
